<?xml version="1.0" encoding="utf-8"?>
<Project ToolsVersion="4.0" xmlns="http://schemas.microsoft.com/developer/msbuild/2003">
  <ItemGroup>
    <ClCompile Include="main.cpp" />
    <ClCompile Include="EntityPlayer.cpp">
      <Filter>Entities</Filter>
    </ClCompile>
    <ClCompile Include="World.cpp">
      <Filter>WorldModel</Filter>
    </ClCompile>
    <ClCompile Include="Entity.cpp">
      <Filter>WorldModel</Filter>
    </ClCompile>
    <ClCompile Include="EntityMenu.cpp">
      <Filter>Entities</Filter>
    </ClCompile>
    <ClCompile Include="EntityBullet.cpp">
      <Filter>Entities</Filter>
    </ClCompile>
    <ClCompile Include="Room.cpp">
      <Filter>Entities</Filter>
    </ClCompile>
    <ClCompile Include="EntityHealth.cpp">
      <Filter>Entities</Filter>
    </ClCompile>
    <ClCompile Include="EntityPickup.cpp">
      <Filter>Entities</Filter>
    </ClCompile>
    <ClCompile Include="EntityBruteEnemy.cpp">
      <Filter>Entities\Enemies</Filter>
    </ClCompile>
    <ClCompile Include="EntityEnemy.cpp">
      <Filter>Entities\Enemies</Filter>
    </ClCompile>
    <ClCompile Include="EntityEnemyMelee.cpp">
      <Filter>Entities\Enemies</Filter>
    </ClCompile>
    <ClCompile Include="EntityRangedEnemy.cpp">
      <Filter>Entities\Enemies</Filter>
    </ClCompile>
    <ClCompile Include="EntityEnemyBOSS.cpp">
      <Filter>Entities\Enemies</Filter>
    </ClCompile>
  </ItemGroup>
  <ItemGroup>
    <ClInclude Include="EntityPlayer.h">
      <Filter>Entities</Filter>
    </ClInclude>
    <ClInclude Include="World.h">
      <Filter>WorldModel</Filter>
    </ClInclude>
    <ClInclude Include="Entity.h">
      <Filter>WorldModel</Filter>
    </ClInclude>
    <ClInclude Include="EntityMenu.h">
      <Filter>Entities</Filter>
    </ClInclude>
    <ClInclude Include="EntityBullet.h">
      <Filter>Entities</Filter>
    </ClInclude>
    <ClInclude Include="Room.h">
      <Filter>Entities</Filter>
    </ClInclude>
    <ClInclude Include="EntityHealth.h">
      <Filter>Entities</Filter>
    </ClInclude>
    <ClInclude Include="resource.h" />
    <ClInclude Include="EntityPickup.h">
      <Filter>Entities</Filter>
    </ClInclude>
    <ClInclude Include="EntityBruteEnemy.h">
      <Filter>Entities\Enemies</Filter>
    </ClInclude>
    <ClInclude Include="EntityEnemy.h">
      <Filter>Entities\Enemies</Filter>
    </ClInclude>
    <ClInclude Include="EntityEnemyMelee.h">
      <Filter>Entities\Enemies</Filter>
    </ClInclude>
    <ClInclude Include="EntityRangedEnemy.h">
      <Filter>Entities\Enemies</Filter>
    </ClInclude>
    <ClInclude Include="EntityEnemyBOSS.h">
      <Filter>Entities\Enemies</Filter>
    </ClInclude>
  </ItemGroup>
  <ItemGroup>
    <Filter Include="Entities">
      <UniqueIdentifier>{5281ee7a-24b0-4956-8541-c11fa3731f4b}</UniqueIdentifier>
    </Filter>
    <Filter Include="WorldModel">
      <UniqueIdentifier>{7f443730-b6b4-403b-bb59-49f5eab58f70}</UniqueIdentifier>
    </Filter>
    <Filter Include="Entities\Enemies">
      <UniqueIdentifier>{d0577e18-e324-4768-86ba-b4f78f42288e}</UniqueIdentifier>
    </Filter>
  </ItemGroup>
  <ItemGroup>
    <ResourceCompile Include="HAPI_APP.rc" />
  </ItemGroup>
</Project>