<?xml version="1.0" encoding="utf-8"?>
<Project ToolsVersion="4.0" xmlns="http://schemas.microsoft.com/developer/msbuild/2003">
  <ItemGroup>
    <ClCompile Include="main.cpp" />
    <ClCompile Include="EntityPlayer.cpp">
      <Filter>Entities</Filter>
    </ClCompile>
    <ClCompile Include="World.cpp">
      <Filter>WorldModel</Filter>
    </ClCompile>
    <ClCompile Include="Entity.cpp">
      <Filter>WorldModel</Filter>
    </ClCompile>
    <ClCompile Include="EntityMenu.cpp">
      <Filter>Entities</Filter>
    </ClCompile>
    <ClCompile Include="EntityEnemy.cpp">
      <Filter>Entities</Filter>
    </ClCompile>
    <ClCompile Include="EntityBullet.cpp">
      <Filter>Entities</Filter>
    </ClCompile>
  </ItemGroup>
  <ItemGroup>
    <ClInclude Include="EntityPlayer.h">
      <Filter>Entities</Filter>
    </ClInclude>
    <ClInclude Include="World.h">
      <Filter>WorldModel</Filter>
    </ClInclude>
    <ClInclude Include="Entity.h">
      <Filter>WorldModel</Filter>
    </ClInclude>
    <ClInclude Include="EntityMenu.h">
      <Filter>Entities</Filter>
    </ClInclude>
    <ClInclude Include="EntityEnemy.h">
      <Filter>Entities</Filter>
    </ClInclude>
    <ClInclude Include="EntityBullet.h">
      <Filter>Entities</Filter>
    </ClInclude>
  </ItemGroup>
  <ItemGroup>
    <Filter Include="Entities">
      <UniqueIdentifier>{5281ee7a-24b0-4956-8541-c11fa3731f4b}</UniqueIdentifier>
    </Filter>
    <Filter Include="WorldModel">
      <UniqueIdentifier>{7f443730-b6b4-403b-bb59-49f5eab58f70}</UniqueIdentifier>
    </Filter>
  </ItemGroup>
</Project>